
Microsoft Visual Studio Solution File, Format Version 12.00
# Visual Studio Express 2012 for Windows Desktop
Project("{8BC9CEB8-8B4A-11D0-8D11-00A0C91BC942}") = "fezScore2text", "fezScore2text\fezScore2text.vcxproj", "{CF4B8506-0B87-476C-B4D1-9E8EF3F9C391}"
EndProject
Project("{8BC9CEB8-8B4A-11D0-8D11-00A0C91BC942}") = "scoreExtract", "scoreExtract\scoreExtract.vcxproj", "{8F858A2E-D13D-46C8-9054-B4B6CDE1913A}"
EndProject
Project("{8BC9CEB8-8B4A-11D0-8D11-00A0C91BC942}") = "scoreRecognize", "scoreRecognize\scoreRecognize.vcxproj", "{107C64C1-7041-47C1-8EF3-BF2D5D206DDB}"
EndProject
Project("{8BC9CEB8-8B4A-11D0-8D11-00A0C91BC942}") = "ss2text", "ss2text\ss2text.vcxproj", "{C77510E5-01E5-40FC-92E8-04195010387D}"
EndProject
Project("{8BC9CEB8-8B4A-11D0-8D11-00A0C91BC942}") = "recognizeNation", "recognizeNation\recognizeNation.vcxproj", "{046A680C-B36F-409E-AF09-165198B1F9AE}"
EndProject
Global
	GlobalSection(SolutionConfigurationPlatforms) = preSolution
		Debug|Win32 = Debug|Win32
		Release|Win32 = Release|Win32
	EndGlobalSection
	GlobalSection(ProjectConfigurationPlatforms) = postSolution
		{CF4B8506-0B87-476C-B4D1-9E8EF3F9C391}.Debug|Win32.ActiveCfg = Debug|Win32
		{CF4B8506-0B87-476C-B4D1-9E8EF3F9C391}.Debug|Win32.Build.0 = Debug|Win32
		{CF4B8506-0B87-476C-B4D1-9E8EF3F9C391}.Release|Win32.ActiveCfg = Release|Win32
		{CF4B8506-0B87-476C-B4D1-9E8EF3F9C391}.Release|Win32.Build.0 = Release|Win32
		{8F858A2E-D13D-46C8-9054-B4B6CDE1913A}.Debug|Win32.ActiveCfg = Debug|Win32
		{8F858A2E-D13D-46C8-9054-B4B6CDE1913A}.Debug|Win32.Build.0 = Debug|Win32
		{8F858A2E-D13D-46C8-9054-B4B6CDE1913A}.Release|Win32.ActiveCfg = Release|Win32
		{8F858A2E-D13D-46C8-9054-B4B6CDE1913A}.Release|Win32.Build.0 = Release|Win32
		{107C64C1-7041-47C1-8EF3-BF2D5D206DDB}.Debug|Win32.ActiveCfg = Debug|Win32
		{107C64C1-7041-47C1-8EF3-BF2D5D206DDB}.Debug|Win32.Build.0 = Debug|Win32
		{107C64C1-7041-47C1-8EF3-BF2D5D206DDB}.Release|Win32.ActiveCfg = Release|Win32
		{107C64C1-7041-47C1-8EF3-BF2D5D206DDB}.Release|Win32.Build.0 = Release|Win32
		{C77510E5-01E5-40FC-92E8-04195010387D}.Debug|Win32.ActiveCfg = Debug|Win32
		{C77510E5-01E5-40FC-92E8-04195010387D}.Debug|Win32.Build.0 = Debug|Win32
		{C77510E5-01E5-40FC-92E8-04195010387D}.Release|Win32.ActiveCfg = Release|Win32
		{C77510E5-01E5-40FC-92E8-04195010387D}.Release|Win32.Build.0 = Release|Win32
		{046A680C-B36F-409E-AF09-165198B1F9AE}.Debug|Win32.ActiveCfg = Debug|Win32
		{046A680C-B36F-409E-AF09-165198B1F9AE}.Debug|Win32.Build.0 = Debug|Win32
		{046A680C-B36F-409E-AF09-165198B1F9AE}.Release|Win32.ActiveCfg = Release|Win32
		{046A680C-B36F-409E-AF09-165198B1F9AE}.Release|Win32.Build.0 = Release|Win32
	EndGlobalSection
	GlobalSection(SolutionProperties) = preSolution
		HideSolutionNode = FALSE
	EndGlobalSection
EndGlobal
