
Microsoft Visual Studio Solution File, Format Version 12.00
# Visual Studio Express 2012 for Windows Desktop
Project("{8BC9CEB8-8B4A-11D0-8D11-00A0C91BC942}") = "scoreExtract", "scoreExtract\scoreExtract.vcxproj", "{8F858A2E-D13D-46C8-9054-B4B6CDE1913A}"
EndProject
Project("{8BC9CEB8-8B4A-11D0-8D11-00A0C91BC942}") = "scoreRecognize", "scoreRecognize\scoreRecognize.vcxproj", "{107C64C1-7041-47C1-8EF3-BF2D5D206DDB}"
EndProject
Project("{8BC9CEB8-8B4A-11D0-8D11-00A0C91BC942}") = "ss2text", "ss2text\ss2text.vcxproj", "{C77510E5-01E5-40FC-92E8-04195010387D}"
EndProject
Project("{8BC9CEB8-8B4A-11D0-8D11-00A0C91BC942}") = "recognizeNation", "recognizeNation\recognizeNation.vcxproj", "{046A680C-B36F-409E-AF09-165198B1F9AE}"
EndProject
Project("{FAE04EC0-301F-11D3-BF4B-00C04F79EFBC}") = "ss2textCS", "ss2textCS\ss2textCS.csproj", "{C021C325-0E47-4D7B-A223-AB5E1CC02B5C}"
EndProject
Global
	GlobalSection(SolutionConfigurationPlatforms) = preSolution
		Debug|Any CPU = Debug|Any CPU
		Debug|Mixed Platforms = Debug|Mixed Platforms
		Debug|Win32 = Debug|Win32
		Release|Any CPU = Release|Any CPU
		Release|Mixed Platforms = Release|Mixed Platforms
		Release|Win32 = Release|Win32
	EndGlobalSection
	GlobalSection(ProjectConfigurationPlatforms) = postSolution
		{8F858A2E-D13D-46C8-9054-B4B6CDE1913A}.Debug|Any CPU.ActiveCfg = Debug|Win32
		{8F858A2E-D13D-46C8-9054-B4B6CDE1913A}.Debug|Mixed Platforms.ActiveCfg = Debug|Win32
		{8F858A2E-D13D-46C8-9054-B4B6CDE1913A}.Debug|Mixed Platforms.Build.0 = Debug|Win32
		{8F858A2E-D13D-46C8-9054-B4B6CDE1913A}.Debug|Win32.ActiveCfg = Debug|Win32
		{8F858A2E-D13D-46C8-9054-B4B6CDE1913A}.Debug|Win32.Build.0 = Debug|Win32
		{8F858A2E-D13D-46C8-9054-B4B6CDE1913A}.Release|Any CPU.ActiveCfg = Release|Win32
		{8F858A2E-D13D-46C8-9054-B4B6CDE1913A}.Release|Mixed Platforms.ActiveCfg = Release|Win32
		{8F858A2E-D13D-46C8-9054-B4B6CDE1913A}.Release|Mixed Platforms.Build.0 = Release|Win32
		{8F858A2E-D13D-46C8-9054-B4B6CDE1913A}.Release|Win32.ActiveCfg = Release|Win32
		{8F858A2E-D13D-46C8-9054-B4B6CDE1913A}.Release|Win32.Build.0 = Release|Win32
		{107C64C1-7041-47C1-8EF3-BF2D5D206DDB}.Debug|Any CPU.ActiveCfg = Debug|Win32
		{107C64C1-7041-47C1-8EF3-BF2D5D206DDB}.Debug|Mixed Platforms.ActiveCfg = Debug|Win32
		{107C64C1-7041-47C1-8EF3-BF2D5D206DDB}.Debug|Mixed Platforms.Build.0 = Debug|Win32
		{107C64C1-7041-47C1-8EF3-BF2D5D206DDB}.Debug|Win32.ActiveCfg = Debug|Win32
		{107C64C1-7041-47C1-8EF3-BF2D5D206DDB}.Debug|Win32.Build.0 = Debug|Win32
		{107C64C1-7041-47C1-8EF3-BF2D5D206DDB}.Release|Any CPU.ActiveCfg = Release|Win32
		{107C64C1-7041-47C1-8EF3-BF2D5D206DDB}.Release|Mixed Platforms.ActiveCfg = Release|Win32
		{107C64C1-7041-47C1-8EF3-BF2D5D206DDB}.Release|Mixed Platforms.Build.0 = Release|Win32
		{107C64C1-7041-47C1-8EF3-BF2D5D206DDB}.Release|Win32.ActiveCfg = Release|Win32
		{107C64C1-7041-47C1-8EF3-BF2D5D206DDB}.Release|Win32.Build.0 = Release|Win32
		{C77510E5-01E5-40FC-92E8-04195010387D}.Debug|Any CPU.ActiveCfg = Debug|Win32
		{C77510E5-01E5-40FC-92E8-04195010387D}.Debug|Mixed Platforms.ActiveCfg = Debug|Win32
		{C77510E5-01E5-40FC-92E8-04195010387D}.Debug|Mixed Platforms.Build.0 = Debug|Win32
		{C77510E5-01E5-40FC-92E8-04195010387D}.Debug|Win32.ActiveCfg = Debug|Win32
		{C77510E5-01E5-40FC-92E8-04195010387D}.Debug|Win32.Build.0 = Debug|Win32
		{C77510E5-01E5-40FC-92E8-04195010387D}.Release|Any CPU.ActiveCfg = Release|Win32
		{C77510E5-01E5-40FC-92E8-04195010387D}.Release|Mixed Platforms.ActiveCfg = Release|Win32
		{C77510E5-01E5-40FC-92E8-04195010387D}.Release|Mixed Platforms.Build.0 = Release|Win32
		{C77510E5-01E5-40FC-92E8-04195010387D}.Release|Win32.ActiveCfg = Release|Win32
		{C77510E5-01E5-40FC-92E8-04195010387D}.Release|Win32.Build.0 = Release|Win32
		{046A680C-B36F-409E-AF09-165198B1F9AE}.Debug|Any CPU.ActiveCfg = Debug|Win32
		{046A680C-B36F-409E-AF09-165198B1F9AE}.Debug|Mixed Platforms.ActiveCfg = Debug|Win32
		{046A680C-B36F-409E-AF09-165198B1F9AE}.Debug|Mixed Platforms.Build.0 = Debug|Win32
		{046A680C-B36F-409E-AF09-165198B1F9AE}.Debug|Win32.ActiveCfg = Debug|Win32
		{046A680C-B36F-409E-AF09-165198B1F9AE}.Debug|Win32.Build.0 = Debug|Win32
		{046A680C-B36F-409E-AF09-165198B1F9AE}.Release|Any CPU.ActiveCfg = Release|Win32
		{046A680C-B36F-409E-AF09-165198B1F9AE}.Release|Mixed Platforms.ActiveCfg = Release|Win32
		{046A680C-B36F-409E-AF09-165198B1F9AE}.Release|Mixed Platforms.Build.0 = Release|Win32
		{046A680C-B36F-409E-AF09-165198B1F9AE}.Release|Win32.ActiveCfg = Release|Win32
		{046A680C-B36F-409E-AF09-165198B1F9AE}.Release|Win32.Build.0 = Release|Win32
		{C021C325-0E47-4D7B-A223-AB5E1CC02B5C}.Debug|Any CPU.ActiveCfg = Debug|Any CPU
		{C021C325-0E47-4D7B-A223-AB5E1CC02B5C}.Debug|Any CPU.Build.0 = Debug|Any CPU
		{C021C325-0E47-4D7B-A223-AB5E1CC02B5C}.Debug|Mixed Platforms.ActiveCfg = Debug|Any CPU
		{C021C325-0E47-4D7B-A223-AB5E1CC02B5C}.Debug|Mixed Platforms.Build.0 = Debug|Any CPU
		{C021C325-0E47-4D7B-A223-AB5E1CC02B5C}.Debug|Win32.ActiveCfg = Debug|Any CPU
		{C021C325-0E47-4D7B-A223-AB5E1CC02B5C}.Release|Any CPU.ActiveCfg = Release|Any CPU
		{C021C325-0E47-4D7B-A223-AB5E1CC02B5C}.Release|Any CPU.Build.0 = Release|Any CPU
		{C021C325-0E47-4D7B-A223-AB5E1CC02B5C}.Release|Mixed Platforms.ActiveCfg = Release|Any CPU
		{C021C325-0E47-4D7B-A223-AB5E1CC02B5C}.Release|Mixed Platforms.Build.0 = Release|Any CPU
		{C021C325-0E47-4D7B-A223-AB5E1CC02B5C}.Release|Win32.ActiveCfg = Release|Any CPU
	EndGlobalSection
	GlobalSection(SolutionProperties) = preSolution
		HideSolutionNode = FALSE
	EndGlobalSection
EndGlobal
